
Microsoft Visual Studio Solution File, Format Version 11.00
# Visual Studio 2010
Project("{FAE04EC0-301F-11D3-BF4B-00C04F79EFBC}") = "SteamAchievements.Services", "SteamAchievements.Services\SteamAchievements.Services.csproj", "{097473AA-B8FB-4A5E-889E-00559C65C660}"
EndProject
Project("{FAE04EC0-301F-11D3-BF4B-00C04F79EFBC}") = "SteamAchievements.Data", "SteamAchievements.Data\SteamAchievements.Data.csproj", "{D654EA50-07D2-42FF-B420-17373D0B4C74}"
EndProject
Project("{FAE04EC0-301F-11D3-BF4B-00C04F79EFBC}") = "SteamAchievements.Services.Tests", "SteamAchievements.Services.Tests\SteamAchievements.Services.Tests.csproj", "{CFB2A390-12F2-47C6-A656-686B4590B245}"
EndProject
Project("{FAE04EC0-301F-11D3-BF4B-00C04F79EFBC}") = "SteamAchievements.Data.Tests", "SteamAchievements.Data.Tests\SteamAchievements.Data.Tests.csproj", "{35747624-FAE1-4D7F-A7A7-DCB192DA7279}"
EndProject
Project("{FAE04EC0-301F-11D3-BF4B-00C04F79EFBC}") = "SteamAchievements.Web.Tests", "SteamAchievements.Web.Tests\SteamAchievements.Web.Tests.csproj", "{6D98BB2B-C407-4676-A115-654072D65FBE}"
EndProject
Project("{FAE04EC0-301F-11D3-BF4B-00C04F79EFBC}") = "SteamAchievements.Updater", "SteamAchievements.Updater\SteamAchievements.Updater.csproj", "{ADA48981-D32A-4B82-85ED-594256931D46}"
EndProject
Project("{FAE04EC0-301F-11D3-BF4B-00C04F79EFBC}") = "SteamAchievements.Updater.Tests", "SteamAchievements.Updater.Tests\SteamAchievements.Updater.Tests.csproj", "{E5BB3580-23F7-4113-882C-73D8444C10BD}"
EndProject
Project("{FAE04EC0-301F-11D3-BF4B-00C04F79EFBC}") = "SteamAchievements.Web", "SteamAchievements.Web\SteamAchievements.Web.csproj", "{41988C97-9B2D-4526-87C5-D80A40F33810}"
EndProject
Project("{2150E333-8FDC-42A3-9474-1A3956D46DE8}") = ".nuget", ".nuget", "{C71B2EC0-89DD-43CD-8EB0-1F548945F2B8}"
	ProjectSection(SolutionItems) = preProject
		.nuget\NuGet.Config = .nuget\NuGet.Config
		.nuget\nuget.exe = .nuget\nuget.exe
		.nuget\NuGet.targets = .nuget\NuGet.targets
	EndProjectSection
EndProject
Global
	GlobalSection(SolutionConfigurationPlatforms) = preSolution
		Debug|Any CPU = Debug|Any CPU
		Debug|Mixed Platforms = Debug|Mixed Platforms
		Debug|x86 = Debug|x86
		MobileRelease|Any CPU = MobileRelease|Any CPU
		MobileRelease|Mixed Platforms = MobileRelease|Mixed Platforms
		MobileRelease|x86 = MobileRelease|x86
		MobileStaging|Any CPU = MobileStaging|Any CPU
		MobileStaging|Mixed Platforms = MobileStaging|Mixed Platforms
		MobileStaging|x86 = MobileStaging|x86
		Release|Any CPU = Release|Any CPU
		Release|Mixed Platforms = Release|Mixed Platforms
		Release|x86 = Release|x86
		Staging|Any CPU = Staging|Any CPU
		Staging|Mixed Platforms = Staging|Mixed Platforms
		Staging|x86 = Staging|x86
	EndGlobalSection
	GlobalSection(ProjectConfigurationPlatforms) = postSolution
		{097473AA-B8FB-4A5E-889E-00559C65C660}.Debug|Any CPU.ActiveCfg = Debug|Any CPU
		{097473AA-B8FB-4A5E-889E-00559C65C660}.Debug|Any CPU.Build.0 = Debug|Any CPU
		{097473AA-B8FB-4A5E-889E-00559C65C660}.Debug|Mixed Platforms.ActiveCfg = Debug|Any CPU
		{097473AA-B8FB-4A5E-889E-00559C65C660}.Debug|Mixed Platforms.Build.0 = Debug|Any CPU
		{097473AA-B8FB-4A5E-889E-00559C65C660}.Debug|x86.ActiveCfg = Debug|Any CPU
		{097473AA-B8FB-4A5E-889E-00559C65C660}.MobileRelease|Any CPU.ActiveCfg = MobileRelease|Any CPU
		{097473AA-B8FB-4A5E-889E-00559C65C660}.MobileRelease|Any CPU.Build.0 = MobileRelease|Any CPU
		{097473AA-B8FB-4A5E-889E-00559C65C660}.MobileRelease|Mixed Platforms.ActiveCfg = MobileRelease|Any CPU
		{097473AA-B8FB-4A5E-889E-00559C65C660}.MobileRelease|Mixed Platforms.Build.0 = MobileRelease|Any CPU
		{097473AA-B8FB-4A5E-889E-00559C65C660}.MobileRelease|x86.ActiveCfg = MobileRelease|Any CPU
		{097473AA-B8FB-4A5E-889E-00559C65C660}.MobileStaging|Any CPU.ActiveCfg = MobileStaging|Any CPU
		{097473AA-B8FB-4A5E-889E-00559C65C660}.MobileStaging|Any CPU.Build.0 = MobileStaging|Any CPU
		{097473AA-B8FB-4A5E-889E-00559C65C660}.MobileStaging|Mixed Platforms.ActiveCfg = MobileStaging|Any CPU
		{097473AA-B8FB-4A5E-889E-00559C65C660}.MobileStaging|Mixed Platforms.Build.0 = MobileStaging|Any CPU
		{097473AA-B8FB-4A5E-889E-00559C65C660}.MobileStaging|x86.ActiveCfg = MobileStaging|Any CPU
		{097473AA-B8FB-4A5E-889E-00559C65C660}.Release|Any CPU.ActiveCfg = Release|Any CPU
		{097473AA-B8FB-4A5E-889E-00559C65C660}.Release|Any CPU.Build.0 = Release|Any CPU
		{097473AA-B8FB-4A5E-889E-00559C65C660}.Release|Mixed Platforms.ActiveCfg = Release|Any CPU
		{097473AA-B8FB-4A5E-889E-00559C65C660}.Release|Mixed Platforms.Build.0 = Release|Any CPU
		{097473AA-B8FB-4A5E-889E-00559C65C660}.Release|x86.ActiveCfg = Release|Any CPU
		{097473AA-B8FB-4A5E-889E-00559C65C660}.Staging|Any CPU.ActiveCfg = Staging|Any CPU
		{097473AA-B8FB-4A5E-889E-00559C65C660}.Staging|Any CPU.Build.0 = Staging|Any CPU
		{097473AA-B8FB-4A5E-889E-00559C65C660}.Staging|Mixed Platforms.ActiveCfg = Staging|Any CPU
		{097473AA-B8FB-4A5E-889E-00559C65C660}.Staging|Mixed Platforms.Build.0 = Staging|Any CPU
		{097473AA-B8FB-4A5E-889E-00559C65C660}.Staging|x86.ActiveCfg = Staging|Any CPU
		{D654EA50-07D2-42FF-B420-17373D0B4C74}.Debug|Any CPU.ActiveCfg = Debug|Any CPU
		{D654EA50-07D2-42FF-B420-17373D0B4C74}.Debug|Any CPU.Build.0 = Debug|Any CPU
		{D654EA50-07D2-42FF-B420-17373D0B4C74}.Debug|Mixed Platforms.ActiveCfg = Debug|Any CPU
		{D654EA50-07D2-42FF-B420-17373D0B4C74}.Debug|Mixed Platforms.Build.0 = Debug|Any CPU
		{D654EA50-07D2-42FF-B420-17373D0B4C74}.Debug|x86.ActiveCfg = Debug|Any CPU
		{D654EA50-07D2-42FF-B420-17373D0B4C74}.MobileRelease|Any CPU.ActiveCfg = MobileRelease|Any CPU
		{D654EA50-07D2-42FF-B420-17373D0B4C74}.MobileRelease|Any CPU.Build.0 = MobileRelease|Any CPU
		{D654EA50-07D2-42FF-B420-17373D0B4C74}.MobileRelease|Mixed Platforms.ActiveCfg = MobileRelease|Any CPU
		{D654EA50-07D2-42FF-B420-17373D0B4C74}.MobileRelease|Mixed Platforms.Build.0 = MobileRelease|Any CPU
		{D654EA50-07D2-42FF-B420-17373D0B4C74}.MobileRelease|x86.ActiveCfg = MobileRelease|Any CPU
		{D654EA50-07D2-42FF-B420-17373D0B4C74}.MobileStaging|Any CPU.ActiveCfg = MobileStaging|Any CPU
		{D654EA50-07D2-42FF-B420-17373D0B4C74}.MobileStaging|Any CPU.Build.0 = MobileStaging|Any CPU
		{D654EA50-07D2-42FF-B420-17373D0B4C74}.MobileStaging|Mixed Platforms.ActiveCfg = MobileStaging|Any CPU
		{D654EA50-07D2-42FF-B420-17373D0B4C74}.MobileStaging|Mixed Platforms.Build.0 = MobileStaging|Any CPU
		{D654EA50-07D2-42FF-B420-17373D0B4C74}.MobileStaging|x86.ActiveCfg = MobileStaging|Any CPU
		{D654EA50-07D2-42FF-B420-17373D0B4C74}.Release|Any CPU.ActiveCfg = Release|Any CPU
		{D654EA50-07D2-42FF-B420-17373D0B4C74}.Release|Any CPU.Build.0 = Release|Any CPU
		{D654EA50-07D2-42FF-B420-17373D0B4C74}.Release|Mixed Platforms.ActiveCfg = Release|Any CPU
		{D654EA50-07D2-42FF-B420-17373D0B4C74}.Release|Mixed Platforms.Build.0 = Release|Any CPU
		{D654EA50-07D2-42FF-B420-17373D0B4C74}.Release|x86.ActiveCfg = Release|Any CPU
		{D654EA50-07D2-42FF-B420-17373D0B4C74}.Staging|Any CPU.ActiveCfg = Staging|Any CPU
		{D654EA50-07D2-42FF-B420-17373D0B4C74}.Staging|Any CPU.Build.0 = Staging|Any CPU
		{D654EA50-07D2-42FF-B420-17373D0B4C74}.Staging|Mixed Platforms.ActiveCfg = Staging|Any CPU
		{D654EA50-07D2-42FF-B420-17373D0B4C74}.Staging|Mixed Platforms.Build.0 = Staging|Any CPU
		{D654EA50-07D2-42FF-B420-17373D0B4C74}.Staging|x86.ActiveCfg = Staging|Any CPU
		{CFB2A390-12F2-47C6-A656-686B4590B245}.Debug|Any CPU.ActiveCfg = Debug|Any CPU
		{CFB2A390-12F2-47C6-A656-686B4590B245}.Debug|Any CPU.Build.0 = Debug|Any CPU
		{CFB2A390-12F2-47C6-A656-686B4590B245}.Debug|Mixed Platforms.ActiveCfg = Debug|Any CPU
		{CFB2A390-12F2-47C6-A656-686B4590B245}.Debug|Mixed Platforms.Build.0 = Debug|Any CPU
		{CFB2A390-12F2-47C6-A656-686B4590B245}.Debug|x86.ActiveCfg = Debug|Any CPU
		{CFB2A390-12F2-47C6-A656-686B4590B245}.MobileRelease|Any CPU.ActiveCfg = MobileRelease|Any CPU
		{CFB2A390-12F2-47C6-A656-686B4590B245}.MobileRelease|Any CPU.Build.0 = MobileRelease|Any CPU
		{CFB2A390-12F2-47C6-A656-686B4590B245}.MobileRelease|Mixed Platforms.ActiveCfg = MobileRelease|Any CPU
		{CFB2A390-12F2-47C6-A656-686B4590B245}.MobileRelease|Mixed Platforms.Build.0 = MobileRelease|Any CPU
		{CFB2A390-12F2-47C6-A656-686B4590B245}.MobileRelease|x86.ActiveCfg = MobileRelease|Any CPU
		{CFB2A390-12F2-47C6-A656-686B4590B245}.MobileStaging|Any CPU.ActiveCfg = MobileStaging|Any CPU
		{CFB2A390-12F2-47C6-A656-686B4590B245}.MobileStaging|Any CPU.Build.0 = MobileStaging|Any CPU
		{CFB2A390-12F2-47C6-A656-686B4590B245}.MobileStaging|Mixed Platforms.ActiveCfg = MobileStaging|Any CPU
		{CFB2A390-12F2-47C6-A656-686B4590B245}.MobileStaging|Mixed Platforms.Build.0 = MobileStaging|Any CPU
		{CFB2A390-12F2-47C6-A656-686B4590B245}.MobileStaging|x86.ActiveCfg = MobileStaging|Any CPU
		{CFB2A390-12F2-47C6-A656-686B4590B245}.Release|Any CPU.ActiveCfg = Release|Any CPU
		{CFB2A390-12F2-47C6-A656-686B4590B245}.Release|Any CPU.Build.0 = Release|Any CPU
		{CFB2A390-12F2-47C6-A656-686B4590B245}.Release|Mixed Platforms.ActiveCfg = Release|Any CPU
		{CFB2A390-12F2-47C6-A656-686B4590B245}.Release|Mixed Platforms.Build.0 = Release|Any CPU
		{CFB2A390-12F2-47C6-A656-686B4590B245}.Release|x86.ActiveCfg = Release|Any CPU
		{CFB2A390-12F2-47C6-A656-686B4590B245}.Staging|Any CPU.ActiveCfg = Staging|Any CPU
		{CFB2A390-12F2-47C6-A656-686B4590B245}.Staging|Any CPU.Build.0 = Staging|Any CPU
		{CFB2A390-12F2-47C6-A656-686B4590B245}.Staging|Mixed Platforms.ActiveCfg = Staging|Any CPU
		{CFB2A390-12F2-47C6-A656-686B4590B245}.Staging|Mixed Platforms.Build.0 = Staging|Any CPU
		{CFB2A390-12F2-47C6-A656-686B4590B245}.Staging|x86.ActiveCfg = Staging|Any CPU
		{35747624-FAE1-4D7F-A7A7-DCB192DA7279}.Debug|Any CPU.ActiveCfg = Debug|Any CPU
		{35747624-FAE1-4D7F-A7A7-DCB192DA7279}.Debug|Any CPU.Build.0 = Debug|Any CPU
		{35747624-FAE1-4D7F-A7A7-DCB192DA7279}.Debug|Mixed Platforms.ActiveCfg = Debug|Any CPU
		{35747624-FAE1-4D7F-A7A7-DCB192DA7279}.Debug|Mixed Platforms.Build.0 = Debug|Any CPU
		{35747624-FAE1-4D7F-A7A7-DCB192DA7279}.Debug|x86.ActiveCfg = Debug|Any CPU
		{35747624-FAE1-4D7F-A7A7-DCB192DA7279}.MobileRelease|Any CPU.ActiveCfg = MobileRelease|Any CPU
		{35747624-FAE1-4D7F-A7A7-DCB192DA7279}.MobileRelease|Any CPU.Build.0 = MobileRelease|Any CPU
		{35747624-FAE1-4D7F-A7A7-DCB192DA7279}.MobileRelease|Mixed Platforms.ActiveCfg = MobileRelease|Any CPU
		{35747624-FAE1-4D7F-A7A7-DCB192DA7279}.MobileRelease|Mixed Platforms.Build.0 = MobileRelease|Any CPU
		{35747624-FAE1-4D7F-A7A7-DCB192DA7279}.MobileRelease|x86.ActiveCfg = MobileRelease|Any CPU
		{35747624-FAE1-4D7F-A7A7-DCB192DA7279}.MobileStaging|Any CPU.ActiveCfg = MobileStaging|Any CPU
		{35747624-FAE1-4D7F-A7A7-DCB192DA7279}.MobileStaging|Any CPU.Build.0 = MobileStaging|Any CPU
		{35747624-FAE1-4D7F-A7A7-DCB192DA7279}.MobileStaging|Mixed Platforms.ActiveCfg = MobileStaging|Any CPU
		{35747624-FAE1-4D7F-A7A7-DCB192DA7279}.MobileStaging|Mixed Platforms.Build.0 = MobileStaging|Any CPU
		{35747624-FAE1-4D7F-A7A7-DCB192DA7279}.MobileStaging|x86.ActiveCfg = MobileStaging|Any CPU
		{35747624-FAE1-4D7F-A7A7-DCB192DA7279}.Release|Any CPU.ActiveCfg = Release|Any CPU
		{35747624-FAE1-4D7F-A7A7-DCB192DA7279}.Release|Any CPU.Build.0 = Release|Any CPU
		{35747624-FAE1-4D7F-A7A7-DCB192DA7279}.Release|Mixed Platforms.ActiveCfg = Release|Any CPU
		{35747624-FAE1-4D7F-A7A7-DCB192DA7279}.Release|Mixed Platforms.Build.0 = Release|Any CPU
		{35747624-FAE1-4D7F-A7A7-DCB192DA7279}.Release|x86.ActiveCfg = Release|Any CPU
		{35747624-FAE1-4D7F-A7A7-DCB192DA7279}.Staging|Any CPU.ActiveCfg = Staging|Any CPU
		{35747624-FAE1-4D7F-A7A7-DCB192DA7279}.Staging|Any CPU.Build.0 = Staging|Any CPU
		{35747624-FAE1-4D7F-A7A7-DCB192DA7279}.Staging|Mixed Platforms.ActiveCfg = Staging|Any CPU
		{35747624-FAE1-4D7F-A7A7-DCB192DA7279}.Staging|Mixed Platforms.Build.0 = Staging|Any CPU
		{35747624-FAE1-4D7F-A7A7-DCB192DA7279}.Staging|x86.ActiveCfg = Staging|Any CPU
		{6D98BB2B-C407-4676-A115-654072D65FBE}.Debug|Any CPU.ActiveCfg = Debug|Any CPU
		{6D98BB2B-C407-4676-A115-654072D65FBE}.Debug|Any CPU.Build.0 = Debug|Any CPU
		{6D98BB2B-C407-4676-A115-654072D65FBE}.Debug|Mixed Platforms.ActiveCfg = Debug|Any CPU
		{6D98BB2B-C407-4676-A115-654072D65FBE}.Debug|Mixed Platforms.Build.0 = Debug|Any CPU
		{6D98BB2B-C407-4676-A115-654072D65FBE}.Debug|x86.ActiveCfg = Debug|Any CPU
		{6D98BB2B-C407-4676-A115-654072D65FBE}.MobileRelease|Any CPU.ActiveCfg = MobileRelease|Any CPU
		{6D98BB2B-C407-4676-A115-654072D65FBE}.MobileRelease|Any CPU.Build.0 = MobileRelease|Any CPU
		{6D98BB2B-C407-4676-A115-654072D65FBE}.MobileRelease|Mixed Platforms.ActiveCfg = MobileRelease|Any CPU
		{6D98BB2B-C407-4676-A115-654072D65FBE}.MobileRelease|Mixed Platforms.Build.0 = MobileRelease|Any CPU
		{6D98BB2B-C407-4676-A115-654072D65FBE}.MobileRelease|x86.ActiveCfg = MobileRelease|Any CPU
		{6D98BB2B-C407-4676-A115-654072D65FBE}.MobileStaging|Any CPU.ActiveCfg = MobileStaging|Any CPU
		{6D98BB2B-C407-4676-A115-654072D65FBE}.MobileStaging|Any CPU.Build.0 = MobileStaging|Any CPU
		{6D98BB2B-C407-4676-A115-654072D65FBE}.MobileStaging|Mixed Platforms.ActiveCfg = MobileStaging|Any CPU
		{6D98BB2B-C407-4676-A115-654072D65FBE}.MobileStaging|Mixed Platforms.Build.0 = MobileStaging|Any CPU
		{6D98BB2B-C407-4676-A115-654072D65FBE}.MobileStaging|x86.ActiveCfg = MobileStaging|Any CPU
		{6D98BB2B-C407-4676-A115-654072D65FBE}.Release|Any CPU.ActiveCfg = Release|Any CPU
		{6D98BB2B-C407-4676-A115-654072D65FBE}.Release|Any CPU.Build.0 = Release|Any CPU
		{6D98BB2B-C407-4676-A115-654072D65FBE}.Release|Mixed Platforms.ActiveCfg = Release|Any CPU
		{6D98BB2B-C407-4676-A115-654072D65FBE}.Release|Mixed Platforms.Build.0 = Release|Any CPU
		{6D98BB2B-C407-4676-A115-654072D65FBE}.Release|x86.ActiveCfg = Release|Any CPU
		{6D98BB2B-C407-4676-A115-654072D65FBE}.Staging|Any CPU.ActiveCfg = Staging|Any CPU
		{6D98BB2B-C407-4676-A115-654072D65FBE}.Staging|Any CPU.Build.0 = Staging|Any CPU
		{6D98BB2B-C407-4676-A115-654072D65FBE}.Staging|Mixed Platforms.ActiveCfg = Staging|Any CPU
		{6D98BB2B-C407-4676-A115-654072D65FBE}.Staging|Mixed Platforms.Build.0 = Staging|Any CPU
		{6D98BB2B-C407-4676-A115-654072D65FBE}.Staging|x86.ActiveCfg = Staging|Any CPU
		{ADA48981-D32A-4B82-85ED-594256931D46}.Debug|Any CPU.ActiveCfg = Debug|Any CPU
		{ADA48981-D32A-4B82-85ED-594256931D46}.Debug|Any CPU.Build.0 = Debug|Any CPU
		{ADA48981-D32A-4B82-85ED-594256931D46}.Debug|Mixed Platforms.ActiveCfg = Debug|Any CPU
		{ADA48981-D32A-4B82-85ED-594256931D46}.Debug|Mixed Platforms.Build.0 = Debug|Any CPU
		{ADA48981-D32A-4B82-85ED-594256931D46}.Debug|x86.ActiveCfg = Debug|x86
		{ADA48981-D32A-4B82-85ED-594256931D46}.Debug|x86.Build.0 = Debug|x86
		{ADA48981-D32A-4B82-85ED-594256931D46}.MobileRelease|Any CPU.ActiveCfg = MobileRelease|Any CPU
		{ADA48981-D32A-4B82-85ED-594256931D46}.MobileRelease|Any CPU.Build.0 = MobileRelease|Any CPU
		{ADA48981-D32A-4B82-85ED-594256931D46}.MobileRelease|Mixed Platforms.ActiveCfg = MobileRelease|Any CPU
		{ADA48981-D32A-4B82-85ED-594256931D46}.MobileRelease|Mixed Platforms.Build.0 = MobileRelease|Any CPU
		{ADA48981-D32A-4B82-85ED-594256931D46}.MobileRelease|x86.ActiveCfg = MobileRelease|x86
		{ADA48981-D32A-4B82-85ED-594256931D46}.MobileRelease|x86.Build.0 = MobileRelease|x86
		{ADA48981-D32A-4B82-85ED-594256931D46}.MobileStaging|Any CPU.ActiveCfg = MobileStaging|Any CPU
		{ADA48981-D32A-4B82-85ED-594256931D46}.MobileStaging|Any CPU.Build.0 = MobileStaging|Any CPU
		{ADA48981-D32A-4B82-85ED-594256931D46}.MobileStaging|Mixed Platforms.ActiveCfg = MobileStaging|Any CPU
		{ADA48981-D32A-4B82-85ED-594256931D46}.MobileStaging|Mixed Platforms.Build.0 = MobileStaging|Any CPU
		{ADA48981-D32A-4B82-85ED-594256931D46}.MobileStaging|x86.ActiveCfg = MobileStaging|x86
		{ADA48981-D32A-4B82-85ED-594256931D46}.MobileStaging|x86.Build.0 = MobileStaging|x86
		{ADA48981-D32A-4B82-85ED-594256931D46}.Release|Any CPU.ActiveCfg = Release|Any CPU
		{ADA48981-D32A-4B82-85ED-594256931D46}.Release|Any CPU.Build.0 = Release|Any CPU
		{ADA48981-D32A-4B82-85ED-594256931D46}.Release|Mixed Platforms.ActiveCfg = Release|Any CPU
		{ADA48981-D32A-4B82-85ED-594256931D46}.Release|Mixed Platforms.Build.0 = Release|Any CPU
		{ADA48981-D32A-4B82-85ED-594256931D46}.Release|x86.ActiveCfg = Release|x86
		{ADA48981-D32A-4B82-85ED-594256931D46}.Release|x86.Build.0 = Release|x86
		{ADA48981-D32A-4B82-85ED-594256931D46}.Staging|Any CPU.ActiveCfg = Staging|Any CPU
		{ADA48981-D32A-4B82-85ED-594256931D46}.Staging|Any CPU.Build.0 = Staging|Any CPU
		{ADA48981-D32A-4B82-85ED-594256931D46}.Staging|Mixed Platforms.ActiveCfg = Staging|Any CPU
		{ADA48981-D32A-4B82-85ED-594256931D46}.Staging|Mixed Platforms.Build.0 = Staging|Any CPU
		{ADA48981-D32A-4B82-85ED-594256931D46}.Staging|x86.ActiveCfg = Release|x86
		{ADA48981-D32A-4B82-85ED-594256931D46}.Staging|x86.Build.0 = Release|x86
		{E5BB3580-23F7-4113-882C-73D8444C10BD}.Debug|Any CPU.ActiveCfg = Debug|Any CPU
		{E5BB3580-23F7-4113-882C-73D8444C10BD}.Debug|Any CPU.Build.0 = Debug|Any CPU
		{E5BB3580-23F7-4113-882C-73D8444C10BD}.Debug|Mixed Platforms.ActiveCfg = Debug|Any CPU
		{E5BB3580-23F7-4113-882C-73D8444C10BD}.Debug|Mixed Platforms.Build.0 = Debug|Any CPU
		{E5BB3580-23F7-4113-882C-73D8444C10BD}.Debug|x86.ActiveCfg = Debug|Any CPU
		{E5BB3580-23F7-4113-882C-73D8444C10BD}.MobileRelease|Any CPU.ActiveCfg = MobileRelease|Any CPU
		{E5BB3580-23F7-4113-882C-73D8444C10BD}.MobileRelease|Any CPU.Build.0 = MobileRelease|Any CPU
		{E5BB3580-23F7-4113-882C-73D8444C10BD}.MobileRelease|Mixed Platforms.ActiveCfg = MobileRelease|Any CPU
		{E5BB3580-23F7-4113-882C-73D8444C10BD}.MobileRelease|Mixed Platforms.Build.0 = MobileRelease|Any CPU
		{E5BB3580-23F7-4113-882C-73D8444C10BD}.MobileRelease|x86.ActiveCfg = MobileRelease|Any CPU
		{E5BB3580-23F7-4113-882C-73D8444C10BD}.MobileStaging|Any CPU.ActiveCfg = MobileStaging|Any CPU
		{E5BB3580-23F7-4113-882C-73D8444C10BD}.MobileStaging|Any CPU.Build.0 = MobileStaging|Any CPU
		{E5BB3580-23F7-4113-882C-73D8444C10BD}.MobileStaging|Mixed Platforms.ActiveCfg = MobileStaging|Any CPU
		{E5BB3580-23F7-4113-882C-73D8444C10BD}.MobileStaging|Mixed Platforms.Build.0 = MobileStaging|Any CPU
		{E5BB3580-23F7-4113-882C-73D8444C10BD}.MobileStaging|x86.ActiveCfg = MobileStaging|Any CPU
		{E5BB3580-23F7-4113-882C-73D8444C10BD}.Release|Any CPU.ActiveCfg = Release|Any CPU
		{E5BB3580-23F7-4113-882C-73D8444C10BD}.Release|Any CPU.Build.0 = Release|Any CPU
		{E5BB3580-23F7-4113-882C-73D8444C10BD}.Release|Mixed Platforms.ActiveCfg = Release|Any CPU
		{E5BB3580-23F7-4113-882C-73D8444C10BD}.Release|Mixed Platforms.Build.0 = Release|Any CPU
		{E5BB3580-23F7-4113-882C-73D8444C10BD}.Release|x86.ActiveCfg = Release|Any CPU
		{E5BB3580-23F7-4113-882C-73D8444C10BD}.Staging|Any CPU.ActiveCfg = Staging|Any CPU
		{E5BB3580-23F7-4113-882C-73D8444C10BD}.Staging|Any CPU.Build.0 = Staging|Any CPU
		{E5BB3580-23F7-4113-882C-73D8444C10BD}.Staging|Mixed Platforms.ActiveCfg = Release|Any CPU
		{E5BB3580-23F7-4113-882C-73D8444C10BD}.Staging|Mixed Platforms.Build.0 = Release|Any CPU
		{E5BB3580-23F7-4113-882C-73D8444C10BD}.Staging|x86.ActiveCfg = Release|Any CPU
		{41988C97-9B2D-4526-87C5-D80A40F33810}.Debug|Any CPU.ActiveCfg = Debug|Any CPU
		{41988C97-9B2D-4526-87C5-D80A40F33810}.Debug|Any CPU.Build.0 = Debug|Any CPU
		{41988C97-9B2D-4526-87C5-D80A40F33810}.Debug|Mixed Platforms.ActiveCfg = Debug|Any CPU
		{41988C97-9B2D-4526-87C5-D80A40F33810}.Debug|Mixed Platforms.Build.0 = Debug|Any CPU
		{41988C97-9B2D-4526-87C5-D80A40F33810}.Debug|x86.ActiveCfg = Debug|Any CPU
		{41988C97-9B2D-4526-87C5-D80A40F33810}.MobileRelease|Any CPU.ActiveCfg = MobileRelease|Any CPU
		{41988C97-9B2D-4526-87C5-D80A40F33810}.MobileRelease|Any CPU.Build.0 = MobileRelease|Any CPU
		{41988C97-9B2D-4526-87C5-D80A40F33810}.MobileRelease|Mixed Platforms.ActiveCfg = Release|Any CPU
		{41988C97-9B2D-4526-87C5-D80A40F33810}.MobileRelease|Mixed Platforms.Build.0 = Release|Any CPU
		{41988C97-9B2D-4526-87C5-D80A40F33810}.MobileRelease|x86.ActiveCfg = Release|Any CPU
		{41988C97-9B2D-4526-87C5-D80A40F33810}.MobileStaging|Any CPU.ActiveCfg = MobileStaging|Any CPU
		{41988C97-9B2D-4526-87C5-D80A40F33810}.MobileStaging|Any CPU.Build.0 = MobileStaging|Any CPU
		{41988C97-9B2D-4526-87C5-D80A40F33810}.MobileStaging|Mixed Platforms.ActiveCfg = Release|Any CPU
		{41988C97-9B2D-4526-87C5-D80A40F33810}.MobileStaging|Mixed Platforms.Build.0 = Release|Any CPU
		{41988C97-9B2D-4526-87C5-D80A40F33810}.MobileStaging|x86.ActiveCfg = Release|Any CPU
		{41988C97-9B2D-4526-87C5-D80A40F33810}.Release|Any CPU.ActiveCfg = Release|Any CPU
		{41988C97-9B2D-4526-87C5-D80A40F33810}.Release|Any CPU.Build.0 = Release|Any CPU
		{41988C97-9B2D-4526-87C5-D80A40F33810}.Release|Mixed Platforms.ActiveCfg = Release|Any CPU
		{41988C97-9B2D-4526-87C5-D80A40F33810}.Release|Mixed Platforms.Build.0 = Release|Any CPU
		{41988C97-9B2D-4526-87C5-D80A40F33810}.Release|x86.ActiveCfg = Release|Any CPU
		{41988C97-9B2D-4526-87C5-D80A40F33810}.Staging|Any CPU.ActiveCfg = Staging|Any CPU
		{41988C97-9B2D-4526-87C5-D80A40F33810}.Staging|Any CPU.Build.0 = Staging|Any CPU
		{41988C97-9B2D-4526-87C5-D80A40F33810}.Staging|Mixed Platforms.ActiveCfg = Release|Any CPU
		{41988C97-9B2D-4526-87C5-D80A40F33810}.Staging|Mixed Platforms.Build.0 = Release|Any CPU
		{41988C97-9B2D-4526-87C5-D80A40F33810}.Staging|x86.ActiveCfg = Release|Any CPU
	EndGlobalSection
	GlobalSection(SolutionProperties) = preSolution
		HideSolutionNode = FALSE
	EndGlobalSection
	GlobalSection(ExtensibilityGlobals) = postSolution
		EnterpriseLibraryConfigurationToolBinariesPath = packages\Unity.2.1.505.0\lib\NET35;packages\Unity.2.1.505.2\lib\NET35
	EndGlobalSection
EndGlobal
