Microsoft Visual Studio Solution File, Format Version 10.00
# Visual Studio 2008
Project("{FAE04EC0-301F-11D3-BF4B-00C04F79EFBC}") = "SteamAchievements", "SteamAchievements\SteamAchievements.csproj", "{255FFFAF-4FED-461D-B8B6-496C4B9C77A8}"
EndProject
Project("{FAE04EC0-301F-11D3-BF4B-00C04F79EFBC}") = "SteamAchievements.Services", "SteamAchievements.Services\SteamAchievements.Services.csproj", "{097473AA-B8FB-4A5E-889E-00559C65C660}"
EndProject
Project("{FAE04EC0-301F-11D3-BF4B-00C04F79EFBC}") = "SteamAchievements.Data", "SteamAchievements.Data\SteamAchievements.Data.csproj", "{D654EA50-07D2-42FF-B420-17373D0B4C74}"
EndProject
Project("{2CFEAB61-6A3B-4EB8-B523-560B4BEEF521}") = "SteamAchievements.Deploy", "SteamAchievements.Deploy\SteamAchievements.Deploy.wdproj", "{73830ED6-0B07-4CEB-A323-F4EE6B6333E6}"
EndProject
Global
	GlobalSection(SolutionConfigurationPlatforms) = preSolution
		Debug|Any CPU = Debug|Any CPU
		Release|Any CPU = Release|Any CPU
	EndGlobalSection
	GlobalSection(ProjectConfigurationPlatforms) = postSolution
		{255FFFAF-4FED-461D-B8B6-496C4B9C77A8}.Debug|Any CPU.ActiveCfg = Debug|Any CPU
		{255FFFAF-4FED-461D-B8B6-496C4B9C77A8}.Debug|Any CPU.Build.0 = Debug|Any CPU
		{255FFFAF-4FED-461D-B8B6-496C4B9C77A8}.Release|Any CPU.ActiveCfg = Release|Any CPU
		{255FFFAF-4FED-461D-B8B6-496C4B9C77A8}.Release|Any CPU.Build.0 = Release|Any CPU
		{097473AA-B8FB-4A5E-889E-00559C65C660}.Debug|Any CPU.ActiveCfg = Debug|Any CPU
		{097473AA-B8FB-4A5E-889E-00559C65C660}.Debug|Any CPU.Build.0 = Debug|Any CPU
		{097473AA-B8FB-4A5E-889E-00559C65C660}.Release|Any CPU.ActiveCfg = Release|Any CPU
		{097473AA-B8FB-4A5E-889E-00559C65C660}.Release|Any CPU.Build.0 = Release|Any CPU
		{D654EA50-07D2-42FF-B420-17373D0B4C74}.Debug|Any CPU.ActiveCfg = Debug|Any CPU
		{D654EA50-07D2-42FF-B420-17373D0B4C74}.Debug|Any CPU.Build.0 = Debug|Any CPU
		{D654EA50-07D2-42FF-B420-17373D0B4C74}.Release|Any CPU.ActiveCfg = Release|Any CPU
		{D654EA50-07D2-42FF-B420-17373D0B4C74}.Release|Any CPU.Build.0 = Release|Any CPU
		{73830ED6-0B07-4CEB-A323-F4EE6B6333E6}.Debug|Any CPU.ActiveCfg = Debug|Any CPU
		{73830ED6-0B07-4CEB-A323-F4EE6B6333E6}.Debug|Any CPU.Build.0 = Debug|Any CPU
		{73830ED6-0B07-4CEB-A323-F4EE6B6333E6}.Release|Any CPU.ActiveCfg = Release|Any CPU
		{73830ED6-0B07-4CEB-A323-F4EE6B6333E6}.Release|Any CPU.Build.0 = Release|Any CPU
	EndGlobalSection
	GlobalSection(SolutionProperties) = preSolution
		HideSolutionNode = FALSE
	EndGlobalSection
EndGlobal
